// !$*UTF8*$!
{
	archiveVersion = 1;
	classes = {
	};
	objectVersion = 56;
	objects = {

/* Begin PBXBuildFile section */
		3B2FF3FC29B8931500685111 /* AppDelegate.swift in Sources */ = {isa = PBXBuildFile; fileRef = 3B2FF3FB29B8931500685111 /* AppDelegate.swift */; };
		3B2FF3FE29B8931500685111 /* SceneDelegate.swift in Sources */ = {isa = PBXBuildFile; fileRef = 3B2FF3FD29B8931500685111 /* SceneDelegate.swift */; };
		3B2FF40029B8931500685111 /* ViewController.swift in Sources */ = {isa = PBXBuildFile; fileRef = 3B2FF3FF29B8931500685111 /* ViewController.swift */; };
		3B2FF40329B8931500685111 /* Main.storyboard in Resources */ = {isa = PBXBuildFile; fileRef = 3B2FF40129B8931500685111 /* Main.storyboard */; };
		3B2FF40629B8931500685111 /* AppMeteo.xcdatamodeld in Sources */ = {isa = PBXBuildFile; fileRef = 3B2FF40429B8931500685111 /* AppMeteo.xcdatamodeld */; };
		3B2FF40829B8931700685111 /* Assets.xcassets in Resources */ = {isa = PBXBuildFile; fileRef = 3B2FF40729B8931700685111 /* Assets.xcassets */; };
		3B2FF40B29B8931700685111 /* LaunchScreen.storyboard in Resources */ = {isa = PBXBuildFile; fileRef = 3B2FF40929B8931700685111 /* LaunchScreen.storyboard */; };
		3B2FF41529B8A15900685111 /* VillesController.swift in Sources */ = {isa = PBXBuildFile; fileRef = 3B2FF41429B8A15900685111 /* VillesController.swift */; };
		3B2FF41729B8A1F600685111 /* MapViewController.swift in Sources */ = {isa = PBXBuildFile; fileRef = 3B2FF41629B8A1F600685111 /* MapViewController.swift */; };
		3B4A235B29BE447400802FA6 /* WeatherModels.swift in Sources */ = {isa = PBXBuildFile; fileRef = 3B4A235A29BE447400802FA6 /* WeatherModels.swift */; };
		3B4A235D29BF3C6200802FA6 /* CitiesListViewModel.swift in Sources */ = {isa = PBXBuildFile; fileRef = 3B4A235C29BF3C6200802FA6 /* CitiesListViewModel.swift */; };
		3B4A235F29BF3D4B00802FA6 /* CitiesListViewController.swift in Sources */ = {isa = PBXBuildFile; fileRef = 3B4A235E29BF3D4B00802FA6 /* CitiesListViewController.swift */; };
		3B4A236129BF406400802FA6 /* CityDetailViewModel.swift in Sources */ = {isa = PBXBuildFile; fileRef = 3B4A236029BF406400802FA6 /* CityDetailViewModel.swift */; };
		3B4A236329BF418200802FA6 /* CityDetailViewController.swift in Sources */ = {isa = PBXBuildFile; fileRef = 3B4A236229BF418200802FA6 /* CityDetailViewController.swift */; };
		3B91C28B29B9E67B0056D7BB /* TableViewCell.swift in Sources */ = {isa = PBXBuildFile; fileRef = 3B91C28A29B9E67B0056D7BB /* TableViewCell.swift */; };
		3BA2691829BBA3A700E4BE2D /* ApiService.swift in Sources */ = {isa = PBXBuildFile; fileRef = 3BA2691729BBA3A700E4BE2D /* ApiService.swift */; };
		3BA2691A29BBA3F300E4BE2D /* City.swift in Sources */ = {isa = PBXBuildFile; fileRef = 3BA2691929BBA3F300E4BE2D /* City.swift */; };
		3BA2691E29BBA60500E4BE2D /* CoreData.swift in Sources */ = {isa = PBXBuildFile; fileRef = 3BA2691D29BBA60500E4BE2D /* CoreData.swift */; };
		3BA2692029BCA25F00E4BE2D /* Utils.swift in Sources */ = {isa = PBXBuildFile; fileRef = 3BA2691F29BCA25F00E4BE2D /* Utils.swift */; };
		3BA2692329BCAA8E00E4BE2D /* AlamofireImage in Frameworks */ = {isa = PBXBuildFile; productRef = 3BA2692229BCAA8E00E4BE2D /* AlamofireImage */; };
		3BA2692529BE3CAE00E4BE2D /* HourlyForecast.swift in Sources */ = {isa = PBXBuildFile; fileRef = 3BA2692429BE3CAE00E4BE2D /* HourlyForecast.swift */; };
		3BC506A829B8E9A8008EFA1E /* CurrentWeather.swift in Sources */ = {isa = PBXBuildFile; fileRef = 3BC506A729B8E9A8008EFA1E /* CurrentWeather.swift */; };
		3BC506B429B9E2BD008EFA1E /* cities.json in Resources */ = {isa = PBXBuildFile; fileRef = 3BC506B329B9E2BD008EFA1E /* cities.json */; };
/* End PBXBuildFile section */

/* Begin PBXFileReference section */
		3B2FF3F829B8931500685111 /* AppMeteo.app */ = {isa = PBXFileReference; explicitFileType = wrapper.application; includeInIndex = 0; path = AppMeteo.app; sourceTree = BUILT_PRODUCTS_DIR; };
		3B2FF3FB29B8931500685111 /* AppDelegate.swift */ = {isa = PBXFileReference; lastKnownFileType = sourcecode.swift; path = AppDelegate.swift; sourceTree = "<group>"; };
		3B2FF3FD29B8931500685111 /* SceneDelegate.swift */ = {isa = PBXFileReference; lastKnownFileType = sourcecode.swift; path = SceneDelegate.swift; sourceTree = "<group>"; };
		3B2FF3FF29B8931500685111 /* ViewController.swift */ = {isa = PBXFileReference; lastKnownFileType = sourcecode.swift; path = ViewController.swift; sourceTree = "<group>"; };
		3B2FF40229B8931500685111 /* Base */ = {isa = PBXFileReference; lastKnownFileType = file.storyboard; name = Base; path = Base.lproj/Main.storyboard; sourceTree = "<group>"; };
		3B2FF40529B8931500685111 /* AppMeteo.xcdatamodel */ = {isa = PBXFileReference; lastKnownFileType = wrapper.xcdatamodel; path = AppMeteo.xcdatamodel; sourceTree = "<group>"; };
		3B2FF40729B8931700685111 /* Assets.xcassets */ = {isa = PBXFileReference; lastKnownFileType = folder.assetcatalog; path = Assets.xcassets; sourceTree = "<group>"; };
		3B2FF40A29B8931700685111 /* Base */ = {isa = PBXFileReference; lastKnownFileType = file.storyboard; name = Base; path = Base.lproj/LaunchScreen.storyboard; sourceTree = "<group>"; };
		3B2FF40C29B8931700685111 /* Info.plist */ = {isa = PBXFileReference; lastKnownFileType = text.plist.xml; path = Info.plist; sourceTree = "<group>"; };
		3B2FF41429B8A15900685111 /* VillesController.swift */ = {isa = PBXFileReference; lastKnownFileType = sourcecode.swift; path = VillesController.swift; sourceTree = "<group>"; };
		3B2FF41629B8A1F600685111 /* MapViewController.swift */ = {isa = PBXFileReference; lastKnownFileType = sourcecode.swift; path = MapViewController.swift; sourceTree = "<group>"; };
		3B4A235A29BE447400802FA6 /* WeatherModels.swift */ = {isa = PBXFileReference; lastKnownFileType = sourcecode.swift; path = WeatherModels.swift; sourceTree = "<group>"; };
		3B4A235C29BF3C6200802FA6 /* CitiesListViewModel.swift */ = {isa = PBXFileReference; lastKnownFileType = sourcecode.swift; path = CitiesListViewModel.swift; sourceTree = "<group>"; };
		3B4A235E29BF3D4B00802FA6 /* CitiesListViewController.swift */ = {isa = PBXFileReference; lastKnownFileType = sourcecode.swift; path = CitiesListViewController.swift; sourceTree = "<group>"; };
		3B4A236029BF406400802FA6 /* CityDetailViewModel.swift */ = {isa = PBXFileReference; lastKnownFileType = sourcecode.swift; path = CityDetailViewModel.swift; sourceTree = "<group>"; };
		3B4A236229BF418200802FA6 /* CityDetailViewController.swift */ = {isa = PBXFileReference; lastKnownFileType = sourcecode.swift; path = CityDetailViewController.swift; sourceTree = "<group>"; };
		3B91C28A29B9E67B0056D7BB /* TableViewCell.swift */ = {isa = PBXFileReference; lastKnownFileType = sourcecode.swift; path = TableViewCell.swift; sourceTree = "<group>"; };
		3BA2691729BBA3A700E4BE2D /* ApiService.swift */ = {isa = PBXFileReference; lastKnownFileType = sourcecode.swift; path = ApiService.swift; sourceTree = "<group>"; };
		3BA2691929BBA3F300E4BE2D /* City.swift */ = {isa = PBXFileReference; lastKnownFileType = sourcecode.swift; path = City.swift; sourceTree = "<group>"; };
		3BA2691D29BBA60500E4BE2D /* CoreData.swift */ = {isa = PBXFileReference; lastKnownFileType = sourcecode.swift; path = CoreData.swift; sourceTree = "<group>"; };
		3BA2691F29BCA25F00E4BE2D /* Utils.swift */ = {isa = PBXFileReference; lastKnownFileType = sourcecode.swift; path = Utils.swift; sourceTree = "<group>"; };
		3BA2692429BE3CAE00E4BE2D /* HourlyForecast.swift */ = {isa = PBXFileReference; lastKnownFileType = sourcecode.swift; path = HourlyForecast.swift; sourceTree = "<group>"; };
		3BC506A729B8E9A8008EFA1E /* CurrentWeather.swift */ = {isa = PBXFileReference; lastKnownFileType = sourcecode.swift; path = CurrentWeather.swift; sourceTree = "<group>"; };
		3BC506B329B9E2BD008EFA1E /* cities.json */ = {isa = PBXFileReference; fileEncoding = 4; lastKnownFileType = text.json; path = cities.json; sourceTree = "<group>"; };
/* End PBXFileReference section */

/* Begin PBXFrameworksBuildPhase section */
		3B2FF3F529B8931500685111 /* Frameworks */ = {
			isa = PBXFrameworksBuildPhase;
			buildActionMask = 2147483647;
			files = (
				3BA2692329BCAA8E00E4BE2D /* AlamofireImage in Frameworks */,
			);
			runOnlyForDeploymentPostprocessing = 0;
		};
/* End PBXFrameworksBuildPhase section */

/* Begin PBXGroup section */
		3B2FF3EF29B8931500685111 = {
			isa = PBXGroup;
			children = (
				3B2FF3FA29B8931500685111 /* AppMeteo */,
				3B2FF3F929B8931500685111 /* Products */,
			);
			sourceTree = "<group>";
		};
		3B2FF3F929B8931500685111 /* Products */ = {
			isa = PBXGroup;
			children = (
				3B2FF3F829B8931500685111 /* AppMeteo.app */,
			);
			name = Products;
			sourceTree = "<group>";
		};
		3B2FF3FA29B8931500685111 /* AppMeteo */ = {
			isa = PBXGroup;
			children = (
				3BA2691129BBA25A00E4BE2D /* Model */,
				3BA2691529BBA28F00E4BE2D /* Networking */,
				3BA2691429BBA28600E4BE2D /* Controller */,
				3BA2691329BBA27500E4BE2D /* ViewModel */,
				3BA2691229BBA26C00E4BE2D /* View */,
				3BA2691629BBA29D00E4BE2D /* CoreData */,
				3BC506B329B9E2BD008EFA1E /* cities.json */,
				3B2FF3FB29B8931500685111 /* AppDelegate.swift */,
				3B2FF3FD29B8931500685111 /* SceneDelegate.swift */,
				3B2FF40729B8931700685111 /* Assets.xcassets */,
				3B2FF40C29B8931700685111 /* Info.plist */,
				3BA2691F29BCA25F00E4BE2D /* Utils.swift */,
			);
			path = AppMeteo;
			sourceTree = "<group>";
		};
		3BA2691129BBA25A00E4BE2D /* Model */ = {
			isa = PBXGroup;
			children = (
				3BC506A729B8E9A8008EFA1E /* CurrentWeather.swift */,
				3BA2691929BBA3F300E4BE2D /* City.swift */,
				3BA2692429BE3CAE00E4BE2D /* HourlyForecast.swift */,
				3B4A235A29BE447400802FA6 /* WeatherModels.swift */,
			);
			path = Model;
			sourceTree = "<group>";
		};
		3BA2691229BBA26C00E4BE2D /* View */ = {
			isa = PBXGroup;
			children = (
				3B91C28A29B9E67B0056D7BB /* TableViewCell.swift */,
				3B2FF40129B8931500685111 /* Main.storyboard */,
				3B2FF40929B8931700685111 /* LaunchScreen.storyboard */,
			);
			path = View;
			sourceTree = "<group>";
		};
		3BA2691329BBA27500E4BE2D /* ViewModel */ = {
			isa = PBXGroup;
			children = (
				3B4A235C29BF3C6200802FA6 /* CitiesListViewModel.swift */,
				3B4A236029BF406400802FA6 /* CityDetailViewModel.swift */,
			);
			path = ViewModel;
			sourceTree = "<group>";
		};
		3BA2691429BBA28600E4BE2D /* Controller */ = {
			isa = PBXGroup;
			children = (
				3B2FF3FF29B8931500685111 /* ViewController.swift */,
				3B2FF41629B8A1F600685111 /* MapViewController.swift */,
				3B2FF41429B8A15900685111 /* VillesController.swift */,
				3B4A235E29BF3D4B00802FA6 /* CitiesListViewController.swift */,
				3B4A236229BF418200802FA6 /* CityDetailViewController.swift */,
			);
			path = Controller;
			sourceTree = "<group>";
		};
		3BA2691529BBA28F00E4BE2D /* Networking */ = {
			isa = PBXGroup;
			children = (
				3BA2691729BBA3A700E4BE2D /* ApiService.swift */,
			);
			path = Networking;
			sourceTree = "<group>";
		};
		3BA2691629BBA29D00E4BE2D /* CoreData */ = {
			isa = PBXGroup;
			children = (
				3B2FF40429B8931500685111 /* AppMeteo.xcdatamodeld */,
				3BA2691D29BBA60500E4BE2D /* CoreData.swift */,
			);
			path = CoreData;
			sourceTree = "<group>";
		};
/* End PBXGroup section */

/* Begin PBXNativeTarget section */
		3B2FF3F729B8931500685111 /* AppMeteo */ = {
			isa = PBXNativeTarget;
			buildConfigurationList = 3B2FF40F29B8931700685111 /* Build configuration list for PBXNativeTarget "AppMeteo" */;
			buildPhases = (
				3B2FF3F429B8931500685111 /* Sources */,
				3B2FF3F529B8931500685111 /* Frameworks */,
				3B2FF3F629B8931500685111 /* Resources */,
			);
			buildRules = (
			);
			dependencies = (
			);
			name = AppMeteo;
			packageProductDependencies = (
				3BA2692229BCAA8E00E4BE2D /* AlamofireImage */,
			);
			productName = AppMeteo;
			productReference = 3B2FF3F829B8931500685111 /* AppMeteo.app */;
			productType = "com.apple.product-type.application";
		};
/* End PBXNativeTarget section */

/* Begin PBXProject section */
		3B2FF3F029B8931500685111 /* Project object */ = {
			isa = PBXProject;
			attributes = {
				BuildIndependentTargetsInParallel = 1;
				LastSwiftUpdateCheck = 1420;
				LastUpgradeCheck = 1420;
				TargetAttributes = {
					3B2FF3F729B8931500685111 = {
						CreatedOnToolsVersion = 14.2;
					};
				};
			};
			buildConfigurationList = 3B2FF3F329B8931500685111 /* Build configuration list for PBXProject "AppMeteo" */;
			compatibilityVersion = "Xcode 14.0";
			developmentRegion = en;
			hasScannedForEncodings = 0;
			knownRegions = (
				en,
				Base,
			);
			mainGroup = 3B2FF3EF29B8931500685111;
			packageReferences = (
				3BA2692129BCAA8E00E4BE2D /* XCRemoteSwiftPackageReference "AlamofireImage" */,
			);
			productRefGroup = 3B2FF3F929B8931500685111 /* Products */;
			projectDirPath = "";
			projectRoot = "";
			targets = (
				3B2FF3F729B8931500685111 /* AppMeteo */,
			);
		};
/* End PBXProject section */

/* Begin PBXResourcesBuildPhase section */
		3B2FF3F629B8931500685111 /* Resources */ = {
			isa = PBXResourcesBuildPhase;
			buildActionMask = 2147483647;
			files = (
				3BC506B429B9E2BD008EFA1E /* cities.json in Resources */,
				3B2FF40B29B8931700685111 /* LaunchScreen.storyboard in Resources */,
				3B2FF40829B8931700685111 /* Assets.xcassets in Resources */,
				3B2FF40329B8931500685111 /* Main.storyboard in Resources */,
			);
			runOnlyForDeploymentPostprocessing = 0;
		};
/* End PBXResourcesBuildPhase section */

/* Begin PBXSourcesBuildPhase section */
		3B2FF3F429B8931500685111 /* Sources */ = {
			isa = PBXSourcesBuildPhase;
			buildActionMask = 2147483647;
			files = (
				3B2FF41529B8A15900685111 /* VillesController.swift in Sources */,
				3B2FF41729B8A1F600685111 /* MapViewController.swift in Sources */,
				3B2FF40629B8931500685111 /* AppMeteo.xcdatamodeld in Sources */,
				3BC506A829B8E9A8008EFA1E /* CurrentWeather.swift in Sources */,
				3B4A235B29BE447400802FA6 /* WeatherModels.swift in Sources */,
				3B4A235F29BF3D4B00802FA6 /* CitiesListViewController.swift in Sources */,
				3BA2691E29BBA60500E4BE2D /* CoreData.swift in Sources */,
				3BA2692029BCA25F00E4BE2D /* Utils.swift in Sources */,
				3B2FF40029B8931500685111 /* ViewController.swift in Sources */,
				3B4A235D29BF3C6200802FA6 /* CitiesListViewModel.swift in Sources */,
				3B4A236129BF406400802FA6 /* CityDetailViewModel.swift in Sources */,
				3BA2692529BE3CAE00E4BE2D /* HourlyForecast.swift in Sources */,
				3BA2691829BBA3A700E4BE2D /* ApiService.swift in Sources */,
				3B4A236329BF418200802FA6 /* CityDetailViewController.swift in Sources */,
				3BA2691A29BBA3F300E4BE2D /* City.swift in Sources */,
				3B2FF3FC29B8931500685111 /* AppDelegate.swift in Sources */,
				3B91C28B29B9E67B0056D7BB /* TableViewCell.swift in Sources */,
				3B2FF3FE29B8931500685111 /* SceneDelegate.swift in Sources */,
			);
			runOnlyForDeploymentPostprocessing = 0;
		};
/* End PBXSourcesBuildPhase section */

/* Begin PBXVariantGroup section */
		3B2FF40129B8931500685111 /* Main.storyboard */ = {
			isa = PBXVariantGroup;
			children = (
				3B2FF40229B8931500685111 /* Base */,
			);
			name = Main.storyboard;
			sourceTree = "<group>";
		};
		3B2FF40929B8931700685111 /* LaunchScreen.storyboard */ = {
			isa = PBXVariantGroup;
			children = (
				3B2FF40A29B8931700685111 /* Base */,
			);
			name = LaunchScreen.storyboard;
			sourceTree = "<group>";
		};
/* End PBXVariantGroup section */

/* Begin XCBuildConfiguration section */
		3B2FF40D29B8931700685111 /* Debug */ = {
			isa = XCBuildConfiguration;
			buildSettings = {
				ALWAYS_SEARCH_USER_PATHS = NO;
				CLANG_ANALYZER_NONNULL = YES;
				CLANG_ANALYZER_NUMBER_OBJECT_CONVERSION = YES_AGGRESSIVE;
				CLANG_CXX_LANGUAGE_STANDARD = "gnu++20";
				CLANG_ENABLE_MODULES = YES;
				CLANG_ENABLE_OBJC_ARC = YES;
				CLANG_ENABLE_OBJC_WEAK = YES;
				CLANG_WARN_BLOCK_CAPTURE_AUTORELEASING = YES;
				CLANG_WARN_BOOL_CONVERSION = YES;
				CLANG_WARN_COMMA = YES;
				CLANG_WARN_CONSTANT_CONVERSION = YES;
				CLANG_WARN_DEPRECATED_OBJC_IMPLEMENTATIONS = YES;
				CLANG_WARN_DIRECT_OBJC_ISA_USAGE = YES_ERROR;
				CLANG_WARN_DOCUMENTATION_COMMENTS = YES;
				CLANG_WARN_EMPTY_BODY = YES;
				CLANG_WARN_ENUM_CONVERSION = YES;
				CLANG_WARN_INFINITE_RECURSION = YES;
				CLANG_WARN_INT_CONVERSION = YES;
				CLANG_WARN_NON_LITERAL_NULL_CONVERSION = YES;
				CLANG_WARN_OBJC_IMPLICIT_RETAIN_SELF = YES;
				CLANG_WARN_OBJC_LITERAL_CONVERSION = YES;
				CLANG_WARN_OBJC_ROOT_CLASS = YES_ERROR;
				CLANG_WARN_QUOTED_INCLUDE_IN_FRAMEWORK_HEADER = YES;
				CLANG_WARN_RANGE_LOOP_ANALYSIS = YES;
				CLANG_WARN_STRICT_PROTOTYPES = YES;
				CLANG_WARN_SUSPICIOUS_MOVE = YES;
				CLANG_WARN_UNGUARDED_AVAILABILITY = YES_AGGRESSIVE;
				CLANG_WARN_UNREACHABLE_CODE = YES;
				CLANG_WARN__DUPLICATE_METHOD_MATCH = YES;
				COPY_PHASE_STRIP = NO;
				DEBUG_INFORMATION_FORMAT = dwarf;
				ENABLE_STRICT_OBJC_MSGSEND = YES;
				ENABLE_TESTABILITY = YES;
				GCC_C_LANGUAGE_STANDARD = gnu11;
				GCC_DYNAMIC_NO_PIC = NO;
				GCC_NO_COMMON_BLOCKS = YES;
				GCC_OPTIMIZATION_LEVEL = 0;
				GCC_PREPROCESSOR_DEFINITIONS = (
					"DEBUG=1",
					"$(inherited)",
				);
				GCC_WARN_64_TO_32_BIT_CONVERSION = YES;
				GCC_WARN_ABOUT_RETURN_TYPE = YES_ERROR;
				GCC_WARN_UNDECLARED_SELECTOR = YES;
				GCC_WARN_UNINITIALIZED_AUTOS = YES_AGGRESSIVE;
				GCC_WARN_UNUSED_FUNCTION = YES;
				GCC_WARN_UNUSED_VARIABLE = YES;
				IPHONEOS_DEPLOYMENT_TARGET = 16.2;
				MTL_ENABLE_DEBUG_INFO = INCLUDE_SOURCE;
				MTL_FAST_MATH = YES;
				ONLY_ACTIVE_ARCH = YES;
				SDKROOT = iphoneos;
				SWIFT_ACTIVE_COMPILATION_CONDITIONS = DEBUG;
				SWIFT_OPTIMIZATION_LEVEL = "-Onone";
			};
			name = Debug;
		};
		3B2FF40E29B8931700685111 /* Release */ = {
			isa = XCBuildConfiguration;
			buildSettings = {
				ALWAYS_SEARCH_USER_PATHS = NO;
				CLANG_ANALYZER_NONNULL = YES;
				CLANG_ANALYZER_NUMBER_OBJECT_CONVERSION = YES_AGGRESSIVE;
				CLANG_CXX_LANGUAGE_STANDARD = "gnu++20";
				CLANG_ENABLE_MODULES = YES;
				CLANG_ENABLE_OBJC_ARC = YES;
				CLANG_ENABLE_OBJC_WEAK = YES;
				CLANG_WARN_BLOCK_CAPTURE_AUTORELEASING = YES;
				CLANG_WARN_BOOL_CONVERSION = YES;
				CLANG_WARN_COMMA = YES;
				CLANG_WARN_CONSTANT_CONVERSION = YES;
				CLANG_WARN_DEPRECATED_OBJC_IMPLEMENTATIONS = YES;
				CLANG_WARN_DIRECT_OBJC_ISA_USAGE = YES_ERROR;
				CLANG_WARN_DOCUMENTATION_COMMENTS = YES;
				CLANG_WARN_EMPTY_BODY = YES;
				CLANG_WARN_ENUM_CONVERSION = YES;
				CLANG_WARN_INFINITE_RECURSION = YES;
				CLANG_WARN_INT_CONVERSION = YES;
				CLANG_WARN_NON_LITERAL_NULL_CONVERSION = YES;
				CLANG_WARN_OBJC_IMPLICIT_RETAIN_SELF = YES;
				CLANG_WARN_OBJC_LITERAL_CONVERSION = YES;
				CLANG_WARN_OBJC_ROOT_CLASS = YES_ERROR;
				CLANG_WARN_QUOTED_INCLUDE_IN_FRAMEWORK_HEADER = YES;
				CLANG_WARN_RANGE_LOOP_ANALYSIS = YES;
				CLANG_WARN_STRICT_PROTOTYPES = YES;
				CLANG_WARN_SUSPICIOUS_MOVE = YES;
				CLANG_WARN_UNGUARDED_AVAILABILITY = YES_AGGRESSIVE;
				CLANG_WARN_UNREACHABLE_CODE = YES;
				CLANG_WARN__DUPLICATE_METHOD_MATCH = YES;
				COPY_PHASE_STRIP = NO;
				DEBUG_INFORMATION_FORMAT = "dwarf-with-dsym";
				ENABLE_NS_ASSERTIONS = NO;
				ENABLE_STRICT_OBJC_MSGSEND = YES;
				GCC_C_LANGUAGE_STANDARD = gnu11;
				GCC_NO_COMMON_BLOCKS = YES;
				GCC_WARN_64_TO_32_BIT_CONVERSION = YES;
				GCC_WARN_ABOUT_RETURN_TYPE = YES_ERROR;
				GCC_WARN_UNDECLARED_SELECTOR = YES;
				GCC_WARN_UNINITIALIZED_AUTOS = YES_AGGRESSIVE;
				GCC_WARN_UNUSED_FUNCTION = YES;
				GCC_WARN_UNUSED_VARIABLE = YES;
				IPHONEOS_DEPLOYMENT_TARGET = 16.2;
				MTL_ENABLE_DEBUG_INFO = NO;
				MTL_FAST_MATH = YES;
				SDKROOT = iphoneos;
				SWIFT_COMPILATION_MODE = wholemodule;
				SWIFT_OPTIMIZATION_LEVEL = "-O";
				VALIDATE_PRODUCT = YES;
			};
			name = Release;
		};
		3B2FF41029B8931700685111 /* Debug */ = {
			isa = XCBuildConfiguration;
			buildSettings = {
				ASSETCATALOG_COMPILER_APPICON_NAME = AppIcon;
				ASSETCATALOG_COMPILER_GLOBAL_ACCENT_COLOR_NAME = AccentColor;
				CODE_SIGN_STYLE = Automatic;
				CURRENT_PROJECT_VERSION = 1;
				GENERATE_INFOPLIST_FILE = YES;
				INFOPLIST_FILE = AppMeteo/Info.plist;
				INFOPLIST_KEY_UIApplicationSupportsIndirectInputEvents = YES;
				INFOPLIST_KEY_UILaunchStoryboardName = LaunchScreen;
				INFOPLIST_KEY_UIMainStoryboardFile = Main;
				INFOPLIST_KEY_UISupportedInterfaceOrientations_iPad = "UIInterfaceOrientationPortrait UIInterfaceOrientationPortraitUpsideDown UIInterfaceOrientationLandscapeLeft UIInterfaceOrientationLandscapeRight";
				INFOPLIST_KEY_UISupportedInterfaceOrientations_iPhone = "UIInterfaceOrientationPortrait UIInterfaceOrientationLandscapeLeft UIInterfaceOrientationLandscapeRight";
				LD_RUNPATH_SEARCH_PATHS = (
					"$(inherited)",
					"@executable_path/Frameworks",
				);
				MARKETING_VERSION = 1.0;
				PRODUCT_BUNDLE_IDENTIFIER = com.univ.orleans.AppMeteo;
				PRODUCT_NAME = "$(TARGET_NAME)";
				SWIFT_EMIT_LOC_STRINGS = YES;
				SWIFT_VERSION = 5.0;
				TARGETED_DEVICE_FAMILY = "1,2";
			};
			name = Debug;
		};
		3B2FF41129B8931700685111 /* Release */ = {
			isa = XCBuildConfiguration;
			buildSettings = {
				ASSETCATALOG_COMPILER_APPICON_NAME = AppIcon;
				ASSETCATALOG_COMPILER_GLOBAL_ACCENT_COLOR_NAME = AccentColor;
				CODE_SIGN_STYLE = Automatic;
				CURRENT_PROJECT_VERSION = 1;
				GENERATE_INFOPLIST_FILE = YES;
				INFOPLIST_FILE = AppMeteo/Info.plist;
				INFOPLIST_KEY_UIApplicationSupportsIndirectInputEvents = YES;
				INFOPLIST_KEY_UILaunchStoryboardName = LaunchScreen;
				INFOPLIST_KEY_UIMainStoryboardFile = Main;
				INFOPLIST_KEY_UISupportedInterfaceOrientations_iPad = "UIInterfaceOrientationPortrait UIInterfaceOrientationPortraitUpsideDown UIInterfaceOrientationLandscapeLeft UIInterfaceOrientationLandscapeRight";
				INFOPLIST_KEY_UISupportedInterfaceOrientations_iPhone = "UIInterfaceOrientationPortrait UIInterfaceOrientationLandscapeLeft UIInterfaceOrientationLandscapeRight";
				LD_RUNPATH_SEARCH_PATHS = (
					"$(inherited)",
					"@executable_path/Frameworks",
				);
				MARKETING_VERSION = 1.0;
				PRODUCT_BUNDLE_IDENTIFIER = com.univ.orleans.AppMeteo;
				PRODUCT_NAME = "$(TARGET_NAME)";
				SWIFT_EMIT_LOC_STRINGS = YES;
				SWIFT_VERSION = 5.0;
				TARGETED_DEVICE_FAMILY = "1,2";
			};
			name = Release;
		};
/* End XCBuildConfiguration section */

/* Begin XCConfigurationList section */
		3B2FF3F329B8931500685111 /* Build configuration list for PBXProject "AppMeteo" */ = {
			isa = XCConfigurationList;
			buildConfigurations = (
				3B2FF40D29B8931700685111 /* Debug */,
				3B2FF40E29B8931700685111 /* Release */,
			);
			defaultConfigurationIsVisible = 0;
			defaultConfigurationName = Release;
		};
		3B2FF40F29B8931700685111 /* Build configuration list for PBXNativeTarget "AppMeteo" */ = {
			isa = XCConfigurationList;
			buildConfigurations = (
				3B2FF41029B8931700685111 /* Debug */,
				3B2FF41129B8931700685111 /* Release */,
			);
			defaultConfigurationIsVisible = 0;
			defaultConfigurationName = Release;
		};
/* End XCConfigurationList section */

/* Begin XCRemoteSwiftPackageReference section */
		3BA2692129BCAA8E00E4BE2D /* XCRemoteSwiftPackageReference "AlamofireImage" */ = {
			isa = XCRemoteSwiftPackageReference;
			repositoryURL = "https://github.com/Alamofire/AlamofireImage.git";
			requirement = {
				kind = upToNextMajorVersion;
				minimumVersion = 4.0.0;
			};
		};
/* End XCRemoteSwiftPackageReference section */

/* Begin XCSwiftPackageProductDependency section */
		3BA2692229BCAA8E00E4BE2D /* AlamofireImage */ = {
			isa = XCSwiftPackageProductDependency;
			package = 3BA2692129BCAA8E00E4BE2D /* XCRemoteSwiftPackageReference "AlamofireImage" */;
			productName = AlamofireImage;
		};
/* End XCSwiftPackageProductDependency section */

/* Begin XCVersionGroup section */
		3B2FF40429B8931500685111 /* AppMeteo.xcdatamodeld */ = {
			isa = XCVersionGroup;
			children = (
				3B2FF40529B8931500685111 /* AppMeteo.xcdatamodel */,
			);
			currentVersion = 3B2FF40529B8931500685111 /* AppMeteo.xcdatamodel */;
			path = AppMeteo.xcdatamodeld;
			sourceTree = "<group>";
			versionGroupType = wrapper.xcdatamodel;
		};
/* End XCVersionGroup section */
	};
	rootObject = 3B2FF3F029B8931500685111 /* Project object */;
}
